
Microsoft Visual Studio Solution File, Format Version 12.00
# Visual Studio Version 17
VisualStudioVersion = 17.11.35222.181
MinimumVisualStudioVersion = 10.0.40219.1
Project("{2150E333-8FDC-42A3-9474-1A3956D46DE8}") = "Task0", "Task0", "{460D16BD-115D-4FC3-A205-8C0ACC64FC15}"
EndProject
Project("{9A19103F-16F7-4668-BE54-9A1E7A4F7556}") = "Tyuiu.ZhukovaYA.Sprint1.Task0.V15", "Tyuiu.ZhukovaYA.Sprint1.Task0.V15\Tyuiu.ZhukovaYA.Sprint1.Task0.V15.csproj", "{29331BE7-C437-4550-9A39-D9457707E461}"
EndProject
Project("{9A19103F-16F7-4668-BE54-9A1E7A4F7556}") = "Tyuiu.ZhukovaYA.Sprint1.Task0.V15.Lib", "Tyuiu.ZhukovaYA.Sprint1.Task0.V15.Lib\Tyuiu.ZhukovaYA.Sprint1.Task0.V15.Lib.csproj", "{25138117-A6C4-494C-9840-79DF622CF188}"
EndProject
Project("{9A19103F-16F7-4668-BE54-9A1E7A4F7556}") = "Tyuiu.ZhukovaYA.Sprint1.Task0.V15.Test", "Tyuiu.ZhukovaYA.Sprint1.Task0.V15.Test\Tyuiu.ZhukovaYA.Sprint1.Task0.V15.Test.csproj", "{DA907D1A-C1F6-4449-9A1E-A7D6E60A1F72}"
EndProject
Project("{2150E333-8FDC-42A3-9474-1A3956D46DE8}") = "Task1", "Task1", "{638B1459-E5FB-4F42-9A76-4E6F8984D42D}"
EndProject
Project("{9A19103F-16F7-4668-BE54-9A1E7A4F7556}") = "Tyuiu.ZhukovaYA.Sprint1.Task1.V21", "Tyuiu.ZhukovaYA.Sprint1.Task1.V21\Tyuiu.ZhukovaYA.Sprint1.Task1.V21.csproj", "{0B5BDFAB-4D2A-4EEB-B819-EDEB80F59C52}"
EndProject
Project("{9A19103F-16F7-4668-BE54-9A1E7A4F7556}") = "Tyuiu.ZhukovaYA.Sprint1.Task1.V21.Lib", "Tyuiu.ZhukovaYA.Sprint1.Task1.V21.Lib\Tyuiu.ZhukovaYA.Sprint1.Task1.V21.Lib.csproj", "{9B533B3F-4F2D-442B-AF6B-F7D431C63DE4}"
EndProject
Project("{9A19103F-16F7-4668-BE54-9A1E7A4F7556}") = "Tyuiu.ZhukovaYA.Sprint1.Task1.V21.Test", "Tyuiu.ZhukovaYA.Sprint1.Task1.V21.Test\Tyuiu.ZhukovaYA.Sprint1.Task1.V21.Test.csproj", "{3DBCBD01-519B-4A36-89A2-A9DD80FD76E4}"
EndProject
Project("{2150E333-8FDC-42A3-9474-1A3956D46DE8}") = "Task2", "Task2", "{6C584756-294F-4415-AA77-F66168079340}"
EndProject
Project("{9A19103F-16F7-4668-BE54-9A1E7A4F7556}") = "Tyuiu.ZhukovaYA.Sprint1.Task2.V26", "Tyuiu.ZhukovaYA.Sprint1.Task2.V26\Tyuiu.ZhukovaYA.Sprint1.Task2.V26.csproj", "{E6CF0B42-297A-48D2-923B-06AA8CFB92A3}"
EndProject
Project("{9A19103F-16F7-4668-BE54-9A1E7A4F7556}") = "Tyuiu.ZhukovaYA.Sprint1.Task2.V26.Lib", "Tyuiu.ZhukovaYA.Sprint1.Task2.V26.Lib\Tyuiu.ZhukovaYA.Sprint1.Task2.V26.Lib.csproj", "{7B4601E6-C1F1-436A-9E26-DDE0B6626E2E}"
EndProject
Project("{9A19103F-16F7-4668-BE54-9A1E7A4F7556}") = "Tyuiu.ZhukovaYA.Sprint1.Task2.V26.Test", "Tyuiu.ZhukovaYA.Sprint1.Task2.V26.Test\Tyuiu.ZhukovaYA.Sprint1.Task2.V26.Test.csproj", "{48102D36-95C7-4E08-9338-C308E2B90344}"
EndProject
Project("{2150E333-8FDC-42A3-9474-1A3956D46DE8}") = "Task3", "Task3", "{2220858D-D84D-4086-A16A-178495D94BA7}"
EndProject
Project("{9A19103F-16F7-4668-BE54-9A1E7A4F7556}") = "Tyuiu.ZhukovaYA.Sprint1.Task3.V13", "Tyuiu.ZhukovaYA.Sprint1.Task3.V13\Tyuiu.ZhukovaYA.Sprint1.Task3.V13.csproj", "{C4C348F7-6EBF-4A83-82D5-FE0F2ED30EC7}"
EndProject
Project("{9A19103F-16F7-4668-BE54-9A1E7A4F7556}") = "Tyuiu.ZhukovaYA.Sprint1.Task3.V13.Lib", "Tyuiu.ZhukovaYA.Sprint1.Task3.V13.Lib\Tyuiu.ZhukovaYA.Sprint1.Task3.V13.Lib.csproj", "{BD298968-35B4-44DB-9055-D8F5D4030701}"
EndProject
Project("{9A19103F-16F7-4668-BE54-9A1E7A4F7556}") = "Tyuiu.ZhukovaYA.Sprint1.Task3.V13.Test", "Tyuiu.ZhukovaYA.Sprint1.Task3.V13.Test\Tyuiu.ZhukovaYA.Sprint1.Task3.V13.Test.csproj", "{44A621A1-607F-42ED-80B8-00B45EB3C2C7}"
EndProject
Project("{2150E333-8FDC-42A3-9474-1A3956D46DE8}") = "Task4", "Task4", "{15841721-D99C-4551-B555-6AF290EF5707}"
EndProject
Project("{FAE04EC0-301F-11D3-BF4B-00C04F79EFBC}") = "Tyuiu.ZhukovaYA.Sprint1.Task4.V4", "Tyuiu.ZhukovaYA.Sprint1.Task4.V4\Tyuiu.ZhukovaYA.Sprint1.Task4.V4.csproj", "{BDA66A91-8BA5-40CA-9043-81318F9E0EA7}"
EndProject
Project("{FAE04EC0-301F-11D3-BF4B-00C04F79EFBC}") = "Tyuiu.ZhukovaYA.Sprint1.Task4.V4.Lib", "Tyuiu.ZhukovaYA.Sprint1.Task4.V4.Lib\Tyuiu.ZhukovaYA.Sprint1.Task4.V4.Lib.csproj", "{2787876B-947F-46F0-AA4C-D51DC51A8060}"
EndProject
Project("{FAE04EC0-301F-11D3-BF4B-00C04F79EFBC}") = "Tyuiu.ZhukovaYA.Sprint1.Task4.V4.Test", "Tyuiu.ZhukovaYA.Sprint1.Task4.V4.Test\Tyuiu.ZhukovaYA.Sprint1.Task4.V4.Test.csproj", "{0BA6A1C2-C7B2-4D5D-80B7-FD6EF8070F05}"
EndProject
Project("{2150E333-8FDC-42A3-9474-1A3956D46DE8}") = "Task5", "Task5", "{04567619-8346-4345-B0B8-C49A2FDE7D9D}"
EndProject
Project("{FAE04EC0-301F-11D3-BF4B-00C04F79EFBC}") = "Tyuiu.ZhukovaYA.Sprint1.Task5.V3", "Tyuiu.ZhukovaYA.Sprint1.Task5.V3\Tyuiu.ZhukovaYA.Sprint1.Task5.V3.csproj", "{3926E52A-5642-4F43-B0F6-2ECD457945C1}"
EndProject
Project("{FAE04EC0-301F-11D3-BF4B-00C04F79EFBC}") = "Tyuiu.ZhukovaYA.Sprint1.Task5.V3.Lib", "Tyuiu.ZhukovaYA.Sprint1.Task5.V3.Lib\Tyuiu.ZhukovaYA.Sprint1.Task5.V3.Lib.csproj", "{A42FB470-3D75-435A-9CD7-7391F5748261}"
EndProject
Project("{FAE04EC0-301F-11D3-BF4B-00C04F79EFBC}") = "Tyuiu.ZhukovaYA.Sprint1.Task5.V3.Test", "Tyuiu.ZhukovaYA.Sprint1.Task5.V3.Test\Tyuiu.ZhukovaYA.Sprint1.Task5.V3.Test.csproj", "{ADA74A56-CC66-4749-9803-2CC642372A39}"
EndProject
Global
	GlobalSection(SolutionConfigurationPlatforms) = preSolution
		Debug|Any CPU = Debug|Any CPU
		Debug|x64 = Debug|x64
		Debug|x86 = Debug|x86
		Release|Any CPU = Release|Any CPU
		Release|x64 = Release|x64
		Release|x86 = Release|x86
	EndGlobalSection
	GlobalSection(ProjectConfigurationPlatforms) = postSolution
		{29331BE7-C437-4550-9A39-D9457707E461}.Debug|Any CPU.ActiveCfg = Debug|Any CPU
		{29331BE7-C437-4550-9A39-D9457707E461}.Debug|Any CPU.Build.0 = Debug|Any CPU
		{29331BE7-C437-4550-9A39-D9457707E461}.Debug|x64.ActiveCfg = Debug|Any CPU
		{29331BE7-C437-4550-9A39-D9457707E461}.Debug|x64.Build.0 = Debug|Any CPU
		{29331BE7-C437-4550-9A39-D9457707E461}.Debug|x86.ActiveCfg = Debug|Any CPU
		{29331BE7-C437-4550-9A39-D9457707E461}.Debug|x86.Build.0 = Debug|Any CPU
		{29331BE7-C437-4550-9A39-D9457707E461}.Release|Any CPU.ActiveCfg = Release|Any CPU
		{29331BE7-C437-4550-9A39-D9457707E461}.Release|Any CPU.Build.0 = Release|Any CPU
		{29331BE7-C437-4550-9A39-D9457707E461}.Release|x64.ActiveCfg = Release|Any CPU
		{29331BE7-C437-4550-9A39-D9457707E461}.Release|x64.Build.0 = Release|Any CPU
		{29331BE7-C437-4550-9A39-D9457707E461}.Release|x86.ActiveCfg = Release|Any CPU
		{29331BE7-C437-4550-9A39-D9457707E461}.Release|x86.Build.0 = Release|Any CPU
		{25138117-A6C4-494C-9840-79DF622CF188}.Debug|Any CPU.ActiveCfg = Debug|Any CPU
		{25138117-A6C4-494C-9840-79DF622CF188}.Debug|Any CPU.Build.0 = Debug|Any CPU
		{25138117-A6C4-494C-9840-79DF622CF188}.Debug|x64.ActiveCfg = Debug|Any CPU
		{25138117-A6C4-494C-9840-79DF622CF188}.Debug|x64.Build.0 = Debug|Any CPU
		{25138117-A6C4-494C-9840-79DF622CF188}.Debug|x86.ActiveCfg = Debug|Any CPU
		{25138117-A6C4-494C-9840-79DF622CF188}.Debug|x86.Build.0 = Debug|Any CPU
		{25138117-A6C4-494C-9840-79DF622CF188}.Release|Any CPU.ActiveCfg = Release|Any CPU
		{25138117-A6C4-494C-9840-79DF622CF188}.Release|Any CPU.Build.0 = Release|Any CPU
		{25138117-A6C4-494C-9840-79DF622CF188}.Release|x64.ActiveCfg = Release|Any CPU
		{25138117-A6C4-494C-9840-79DF622CF188}.Release|x64.Build.0 = Release|Any CPU
		{25138117-A6C4-494C-9840-79DF622CF188}.Release|x86.ActiveCfg = Release|Any CPU
		{25138117-A6C4-494C-9840-79DF622CF188}.Release|x86.Build.0 = Release|Any CPU
		{DA907D1A-C1F6-4449-9A1E-A7D6E60A1F72}.Debug|Any CPU.ActiveCfg = Debug|Any CPU
		{DA907D1A-C1F6-4449-9A1E-A7D6E60A1F72}.Debug|Any CPU.Build.0 = Debug|Any CPU
		{DA907D1A-C1F6-4449-9A1E-A7D6E60A1F72}.Debug|x64.ActiveCfg = Debug|Any CPU
		{DA907D1A-C1F6-4449-9A1E-A7D6E60A1F72}.Debug|x64.Build.0 = Debug|Any CPU
		{DA907D1A-C1F6-4449-9A1E-A7D6E60A1F72}.Debug|x86.ActiveCfg = Debug|Any CPU
		{DA907D1A-C1F6-4449-9A1E-A7D6E60A1F72}.Debug|x86.Build.0 = Debug|Any CPU
		{DA907D1A-C1F6-4449-9A1E-A7D6E60A1F72}.Release|Any CPU.ActiveCfg = Release|Any CPU
		{DA907D1A-C1F6-4449-9A1E-A7D6E60A1F72}.Release|Any CPU.Build.0 = Release|Any CPU
		{DA907D1A-C1F6-4449-9A1E-A7D6E60A1F72}.Release|x64.ActiveCfg = Release|Any CPU
		{DA907D1A-C1F6-4449-9A1E-A7D6E60A1F72}.Release|x64.Build.0 = Release|Any CPU
		{DA907D1A-C1F6-4449-9A1E-A7D6E60A1F72}.Release|x86.ActiveCfg = Release|Any CPU
		{DA907D1A-C1F6-4449-9A1E-A7D6E60A1F72}.Release|x86.Build.0 = Release|Any CPU
		{0B5BDFAB-4D2A-4EEB-B819-EDEB80F59C52}.Debug|Any CPU.ActiveCfg = Debug|Any CPU
		{0B5BDFAB-4D2A-4EEB-B819-EDEB80F59C52}.Debug|Any CPU.Build.0 = Debug|Any CPU
		{0B5BDFAB-4D2A-4EEB-B819-EDEB80F59C52}.Debug|x64.ActiveCfg = Debug|Any CPU
		{0B5BDFAB-4D2A-4EEB-B819-EDEB80F59C52}.Debug|x64.Build.0 = Debug|Any CPU
		{0B5BDFAB-4D2A-4EEB-B819-EDEB80F59C52}.Debug|x86.ActiveCfg = Debug|Any CPU
		{0B5BDFAB-4D2A-4EEB-B819-EDEB80F59C52}.Debug|x86.Build.0 = Debug|Any CPU
		{0B5BDFAB-4D2A-4EEB-B819-EDEB80F59C52}.Release|Any CPU.ActiveCfg = Release|Any CPU
		{0B5BDFAB-4D2A-4EEB-B819-EDEB80F59C52}.Release|Any CPU.Build.0 = Release|Any CPU
		{0B5BDFAB-4D2A-4EEB-B819-EDEB80F59C52}.Release|x64.ActiveCfg = Release|Any CPU
		{0B5BDFAB-4D2A-4EEB-B819-EDEB80F59C52}.Release|x64.Build.0 = Release|Any CPU
		{0B5BDFAB-4D2A-4EEB-B819-EDEB80F59C52}.Release|x86.ActiveCfg = Release|Any CPU
		{0B5BDFAB-4D2A-4EEB-B819-EDEB80F59C52}.Release|x86.Build.0 = Release|Any CPU
		{9B533B3F-4F2D-442B-AF6B-F7D431C63DE4}.Debug|Any CPU.ActiveCfg = Debug|Any CPU
		{9B533B3F-4F2D-442B-AF6B-F7D431C63DE4}.Debug|Any CPU.Build.0 = Debug|Any CPU
		{9B533B3F-4F2D-442B-AF6B-F7D431C63DE4}.Debug|x64.ActiveCfg = Debug|Any CPU
		{9B533B3F-4F2D-442B-AF6B-F7D431C63DE4}.Debug|x64.Build.0 = Debug|Any CPU
		{9B533B3F-4F2D-442B-AF6B-F7D431C63DE4}.Debug|x86.ActiveCfg = Debug|Any CPU
		{9B533B3F-4F2D-442B-AF6B-F7D431C63DE4}.Debug|x86.Build.0 = Debug|Any CPU
		{9B533B3F-4F2D-442B-AF6B-F7D431C63DE4}.Release|Any CPU.ActiveCfg = Release|Any CPU
		{9B533B3F-4F2D-442B-AF6B-F7D431C63DE4}.Release|Any CPU.Build.0 = Release|Any CPU
		{9B533B3F-4F2D-442B-AF6B-F7D431C63DE4}.Release|x64.ActiveCfg = Release|Any CPU
		{9B533B3F-4F2D-442B-AF6B-F7D431C63DE4}.Release|x64.Build.0 = Release|Any CPU
		{9B533B3F-4F2D-442B-AF6B-F7D431C63DE4}.Release|x86.ActiveCfg = Release|Any CPU
		{9B533B3F-4F2D-442B-AF6B-F7D431C63DE4}.Release|x86.Build.0 = Release|Any CPU
		{3DBCBD01-519B-4A36-89A2-A9DD80FD76E4}.Debug|Any CPU.ActiveCfg = Debug|Any CPU
		{3DBCBD01-519B-4A36-89A2-A9DD80FD76E4}.Debug|Any CPU.Build.0 = Debug|Any CPU
		{3DBCBD01-519B-4A36-89A2-A9DD80FD76E4}.Debug|x64.ActiveCfg = Debug|Any CPU
		{3DBCBD01-519B-4A36-89A2-A9DD80FD76E4}.Debug|x64.Build.0 = Debug|Any CPU
		{3DBCBD01-519B-4A36-89A2-A9DD80FD76E4}.Debug|x86.ActiveCfg = Debug|Any CPU
		{3DBCBD01-519B-4A36-89A2-A9DD80FD76E4}.Debug|x86.Build.0 = Debug|Any CPU
		{3DBCBD01-519B-4A36-89A2-A9DD80FD76E4}.Release|Any CPU.ActiveCfg = Release|Any CPU
		{3DBCBD01-519B-4A36-89A2-A9DD80FD76E4}.Release|Any CPU.Build.0 = Release|Any CPU
		{3DBCBD01-519B-4A36-89A2-A9DD80FD76E4}.Release|x64.ActiveCfg = Release|Any CPU
		{3DBCBD01-519B-4A36-89A2-A9DD80FD76E4}.Release|x64.Build.0 = Release|Any CPU
		{3DBCBD01-519B-4A36-89A2-A9DD80FD76E4}.Release|x86.ActiveCfg = Release|Any CPU
		{3DBCBD01-519B-4A36-89A2-A9DD80FD76E4}.Release|x86.Build.0 = Release|Any CPU
		{E6CF0B42-297A-48D2-923B-06AA8CFB92A3}.Debug|Any CPU.ActiveCfg = Debug|Any CPU
		{E6CF0B42-297A-48D2-923B-06AA8CFB92A3}.Debug|Any CPU.Build.0 = Debug|Any CPU
		{E6CF0B42-297A-48D2-923B-06AA8CFB92A3}.Debug|x64.ActiveCfg = Debug|Any CPU
		{E6CF0B42-297A-48D2-923B-06AA8CFB92A3}.Debug|x64.Build.0 = Debug|Any CPU
		{E6CF0B42-297A-48D2-923B-06AA8CFB92A3}.Debug|x86.ActiveCfg = Debug|Any CPU
		{E6CF0B42-297A-48D2-923B-06AA8CFB92A3}.Debug|x86.Build.0 = Debug|Any CPU
		{E6CF0B42-297A-48D2-923B-06AA8CFB92A3}.Release|Any CPU.ActiveCfg = Release|Any CPU
		{E6CF0B42-297A-48D2-923B-06AA8CFB92A3}.Release|Any CPU.Build.0 = Release|Any CPU
		{E6CF0B42-297A-48D2-923B-06AA8CFB92A3}.Release|x64.ActiveCfg = Release|Any CPU
		{E6CF0B42-297A-48D2-923B-06AA8CFB92A3}.Release|x64.Build.0 = Release|Any CPU
		{E6CF0B42-297A-48D2-923B-06AA8CFB92A3}.Release|x86.ActiveCfg = Release|Any CPU
		{E6CF0B42-297A-48D2-923B-06AA8CFB92A3}.Release|x86.Build.0 = Release|Any CPU
		{7B4601E6-C1F1-436A-9E26-DDE0B6626E2E}.Debug|Any CPU.ActiveCfg = Debug|Any CPU
		{7B4601E6-C1F1-436A-9E26-DDE0B6626E2E}.Debug|Any CPU.Build.0 = Debug|Any CPU
		{7B4601E6-C1F1-436A-9E26-DDE0B6626E2E}.Debug|x64.ActiveCfg = Debug|Any CPU
		{7B4601E6-C1F1-436A-9E26-DDE0B6626E2E}.Debug|x64.Build.0 = Debug|Any CPU
		{7B4601E6-C1F1-436A-9E26-DDE0B6626E2E}.Debug|x86.ActiveCfg = Debug|Any CPU
		{7B4601E6-C1F1-436A-9E26-DDE0B6626E2E}.Debug|x86.Build.0 = Debug|Any CPU
		{7B4601E6-C1F1-436A-9E26-DDE0B6626E2E}.Release|Any CPU.ActiveCfg = Release|Any CPU
		{7B4601E6-C1F1-436A-9E26-DDE0B6626E2E}.Release|Any CPU.Build.0 = Release|Any CPU
		{7B4601E6-C1F1-436A-9E26-DDE0B6626E2E}.Release|x64.ActiveCfg = Release|Any CPU
		{7B4601E6-C1F1-436A-9E26-DDE0B6626E2E}.Release|x64.Build.0 = Release|Any CPU
		{7B4601E6-C1F1-436A-9E26-DDE0B6626E2E}.Release|x86.ActiveCfg = Release|Any CPU
		{7B4601E6-C1F1-436A-9E26-DDE0B6626E2E}.Release|x86.Build.0 = Release|Any CPU
		{48102D36-95C7-4E08-9338-C308E2B90344}.Debug|Any CPU.ActiveCfg = Debug|Any CPU
		{48102D36-95C7-4E08-9338-C308E2B90344}.Debug|Any CPU.Build.0 = Debug|Any CPU
		{48102D36-95C7-4E08-9338-C308E2B90344}.Debug|x64.ActiveCfg = Debug|Any CPU
		{48102D36-95C7-4E08-9338-C308E2B90344}.Debug|x64.Build.0 = Debug|Any CPU
		{48102D36-95C7-4E08-9338-C308E2B90344}.Debug|x86.ActiveCfg = Debug|Any CPU
		{48102D36-95C7-4E08-9338-C308E2B90344}.Debug|x86.Build.0 = Debug|Any CPU
		{48102D36-95C7-4E08-9338-C308E2B90344}.Release|Any CPU.ActiveCfg = Release|Any CPU
		{48102D36-95C7-4E08-9338-C308E2B90344}.Release|Any CPU.Build.0 = Release|Any CPU
		{48102D36-95C7-4E08-9338-C308E2B90344}.Release|x64.ActiveCfg = Release|Any CPU
		{48102D36-95C7-4E08-9338-C308E2B90344}.Release|x64.Build.0 = Release|Any CPU
		{48102D36-95C7-4E08-9338-C308E2B90344}.Release|x86.ActiveCfg = Release|Any CPU
		{48102D36-95C7-4E08-9338-C308E2B90344}.Release|x86.Build.0 = Release|Any CPU
		{C4C348F7-6EBF-4A83-82D5-FE0F2ED30EC7}.Debug|Any CPU.ActiveCfg = Debug|Any CPU
		{C4C348F7-6EBF-4A83-82D5-FE0F2ED30EC7}.Debug|Any CPU.Build.0 = Debug|Any CPU
		{C4C348F7-6EBF-4A83-82D5-FE0F2ED30EC7}.Debug|x64.ActiveCfg = Debug|Any CPU
		{C4C348F7-6EBF-4A83-82D5-FE0F2ED30EC7}.Debug|x64.Build.0 = Debug|Any CPU
		{C4C348F7-6EBF-4A83-82D5-FE0F2ED30EC7}.Debug|x86.ActiveCfg = Debug|Any CPU
		{C4C348F7-6EBF-4A83-82D5-FE0F2ED30EC7}.Debug|x86.Build.0 = Debug|Any CPU
		{C4C348F7-6EBF-4A83-82D5-FE0F2ED30EC7}.Release|Any CPU.ActiveCfg = Release|Any CPU
		{C4C348F7-6EBF-4A83-82D5-FE0F2ED30EC7}.Release|Any CPU.Build.0 = Release|Any CPU
		{C4C348F7-6EBF-4A83-82D5-FE0F2ED30EC7}.Release|x64.ActiveCfg = Release|Any CPU
		{C4C348F7-6EBF-4A83-82D5-FE0F2ED30EC7}.Release|x64.Build.0 = Release|Any CPU
		{C4C348F7-6EBF-4A83-82D5-FE0F2ED30EC7}.Release|x86.ActiveCfg = Release|Any CPU
		{C4C348F7-6EBF-4A83-82D5-FE0F2ED30EC7}.Release|x86.Build.0 = Release|Any CPU
		{BD298968-35B4-44DB-9055-D8F5D4030701}.Debug|Any CPU.ActiveCfg = Debug|Any CPU
		{BD298968-35B4-44DB-9055-D8F5D4030701}.Debug|Any CPU.Build.0 = Debug|Any CPU
		{BD298968-35B4-44DB-9055-D8F5D4030701}.Debug|x64.ActiveCfg = Debug|Any CPU
		{BD298968-35B4-44DB-9055-D8F5D4030701}.Debug|x64.Build.0 = Debug|Any CPU
		{BD298968-35B4-44DB-9055-D8F5D4030701}.Debug|x86.ActiveCfg = Debug|Any CPU
		{BD298968-35B4-44DB-9055-D8F5D4030701}.Debug|x86.Build.0 = Debug|Any CPU
		{BD298968-35B4-44DB-9055-D8F5D4030701}.Release|Any CPU.ActiveCfg = Release|Any CPU
		{BD298968-35B4-44DB-9055-D8F5D4030701}.Release|Any CPU.Build.0 = Release|Any CPU
		{BD298968-35B4-44DB-9055-D8F5D4030701}.Release|x64.ActiveCfg = Release|Any CPU
		{BD298968-35B4-44DB-9055-D8F5D4030701}.Release|x64.Build.0 = Release|Any CPU
		{BD298968-35B4-44DB-9055-D8F5D4030701}.Release|x86.ActiveCfg = Release|Any CPU
		{BD298968-35B4-44DB-9055-D8F5D4030701}.Release|x86.Build.0 = Release|Any CPU
		{44A621A1-607F-42ED-80B8-00B45EB3C2C7}.Debug|Any CPU.ActiveCfg = Debug|Any CPU
		{44A621A1-607F-42ED-80B8-00B45EB3C2C7}.Debug|Any CPU.Build.0 = Debug|Any CPU
		{44A621A1-607F-42ED-80B8-00B45EB3C2C7}.Debug|x64.ActiveCfg = Debug|Any CPU
		{44A621A1-607F-42ED-80B8-00B45EB3C2C7}.Debug|x64.Build.0 = Debug|Any CPU
		{44A621A1-607F-42ED-80B8-00B45EB3C2C7}.Debug|x86.ActiveCfg = Debug|Any CPU
		{44A621A1-607F-42ED-80B8-00B45EB3C2C7}.Debug|x86.Build.0 = Debug|Any CPU
		{44A621A1-607F-42ED-80B8-00B45EB3C2C7}.Release|Any CPU.ActiveCfg = Release|Any CPU
		{44A621A1-607F-42ED-80B8-00B45EB3C2C7}.Release|Any CPU.Build.0 = Release|Any CPU
		{44A621A1-607F-42ED-80B8-00B45EB3C2C7}.Release|x64.ActiveCfg = Release|Any CPU
		{44A621A1-607F-42ED-80B8-00B45EB3C2C7}.Release|x64.Build.0 = Release|Any CPU
		{44A621A1-607F-42ED-80B8-00B45EB3C2C7}.Release|x86.ActiveCfg = Release|Any CPU
		{44A621A1-607F-42ED-80B8-00B45EB3C2C7}.Release|x86.Build.0 = Release|Any CPU
		{BDA66A91-8BA5-40CA-9043-81318F9E0EA7}.Debug|Any CPU.ActiveCfg = Debug|Any CPU
		{BDA66A91-8BA5-40CA-9043-81318F9E0EA7}.Debug|Any CPU.Build.0 = Debug|Any CPU
		{BDA66A91-8BA5-40CA-9043-81318F9E0EA7}.Debug|x64.ActiveCfg = Debug|Any CPU
		{BDA66A91-8BA5-40CA-9043-81318F9E0EA7}.Debug|x64.Build.0 = Debug|Any CPU
		{BDA66A91-8BA5-40CA-9043-81318F9E0EA7}.Debug|x86.ActiveCfg = Debug|Any CPU
		{BDA66A91-8BA5-40CA-9043-81318F9E0EA7}.Debug|x86.Build.0 = Debug|Any CPU
		{BDA66A91-8BA5-40CA-9043-81318F9E0EA7}.Release|Any CPU.ActiveCfg = Release|Any CPU
		{BDA66A91-8BA5-40CA-9043-81318F9E0EA7}.Release|Any CPU.Build.0 = Release|Any CPU
		{BDA66A91-8BA5-40CA-9043-81318F9E0EA7}.Release|x64.ActiveCfg = Release|Any CPU
		{BDA66A91-8BA5-40CA-9043-81318F9E0EA7}.Release|x64.Build.0 = Release|Any CPU
		{BDA66A91-8BA5-40CA-9043-81318F9E0EA7}.Release|x86.ActiveCfg = Release|Any CPU
		{BDA66A91-8BA5-40CA-9043-81318F9E0EA7}.Release|x86.Build.0 = Release|Any CPU
		{2787876B-947F-46F0-AA4C-D51DC51A8060}.Debug|Any CPU.ActiveCfg = Debug|Any CPU
		{2787876B-947F-46F0-AA4C-D51DC51A8060}.Debug|Any CPU.Build.0 = Debug|Any CPU
		{2787876B-947F-46F0-AA4C-D51DC51A8060}.Debug|x64.ActiveCfg = Debug|Any CPU
		{2787876B-947F-46F0-AA4C-D51DC51A8060}.Debug|x64.Build.0 = Debug|Any CPU
		{2787876B-947F-46F0-AA4C-D51DC51A8060}.Debug|x86.ActiveCfg = Debug|Any CPU
		{2787876B-947F-46F0-AA4C-D51DC51A8060}.Debug|x86.Build.0 = Debug|Any CPU
		{2787876B-947F-46F0-AA4C-D51DC51A8060}.Release|Any CPU.ActiveCfg = Release|Any CPU
		{2787876B-947F-46F0-AA4C-D51DC51A8060}.Release|Any CPU.Build.0 = Release|Any CPU
		{2787876B-947F-46F0-AA4C-D51DC51A8060}.Release|x64.ActiveCfg = Release|Any CPU
		{2787876B-947F-46F0-AA4C-D51DC51A8060}.Release|x64.Build.0 = Release|Any CPU
		{2787876B-947F-46F0-AA4C-D51DC51A8060}.Release|x86.ActiveCfg = Release|Any CPU
		{2787876B-947F-46F0-AA4C-D51DC51A8060}.Release|x86.Build.0 = Release|Any CPU
		{0BA6A1C2-C7B2-4D5D-80B7-FD6EF8070F05}.Debug|Any CPU.ActiveCfg = Debug|Any CPU
		{0BA6A1C2-C7B2-4D5D-80B7-FD6EF8070F05}.Debug|Any CPU.Build.0 = Debug|Any CPU
		{0BA6A1C2-C7B2-4D5D-80B7-FD6EF8070F05}.Debug|x64.ActiveCfg = Debug|Any CPU
		{0BA6A1C2-C7B2-4D5D-80B7-FD6EF8070F05}.Debug|x64.Build.0 = Debug|Any CPU
		{0BA6A1C2-C7B2-4D5D-80B7-FD6EF8070F05}.Debug|x86.ActiveCfg = Debug|Any CPU
		{0BA6A1C2-C7B2-4D5D-80B7-FD6EF8070F05}.Debug|x86.Build.0 = Debug|Any CPU
		{0BA6A1C2-C7B2-4D5D-80B7-FD6EF8070F05}.Release|Any CPU.ActiveCfg = Release|Any CPU
		{0BA6A1C2-C7B2-4D5D-80B7-FD6EF8070F05}.Release|Any CPU.Build.0 = Release|Any CPU
		{0BA6A1C2-C7B2-4D5D-80B7-FD6EF8070F05}.Release|x64.ActiveCfg = Release|Any CPU
		{0BA6A1C2-C7B2-4D5D-80B7-FD6EF8070F05}.Release|x64.Build.0 = Release|Any CPU
		{0BA6A1C2-C7B2-4D5D-80B7-FD6EF8070F05}.Release|x86.ActiveCfg = Release|Any CPU
		{0BA6A1C2-C7B2-4D5D-80B7-FD6EF8070F05}.Release|x86.Build.0 = Release|Any CPU
		{3926E52A-5642-4F43-B0F6-2ECD457945C1}.Debug|Any CPU.ActiveCfg = Debug|Any CPU
		{3926E52A-5642-4F43-B0F6-2ECD457945C1}.Debug|Any CPU.Build.0 = Debug|Any CPU
		{3926E52A-5642-4F43-B0F6-2ECD457945C1}.Debug|x64.ActiveCfg = Debug|Any CPU
		{3926E52A-5642-4F43-B0F6-2ECD457945C1}.Debug|x64.Build.0 = Debug|Any CPU
		{3926E52A-5642-4F43-B0F6-2ECD457945C1}.Debug|x86.ActiveCfg = Debug|Any CPU
		{3926E52A-5642-4F43-B0F6-2ECD457945C1}.Debug|x86.Build.0 = Debug|Any CPU
		{3926E52A-5642-4F43-B0F6-2ECD457945C1}.Release|Any CPU.ActiveCfg = Release|Any CPU
		{3926E52A-5642-4F43-B0F6-2ECD457945C1}.Release|Any CPU.Build.0 = Release|Any CPU
		{3926E52A-5642-4F43-B0F6-2ECD457945C1}.Release|x64.ActiveCfg = Release|Any CPU
		{3926E52A-5642-4F43-B0F6-2ECD457945C1}.Release|x64.Build.0 = Release|Any CPU
		{3926E52A-5642-4F43-B0F6-2ECD457945C1}.Release|x86.ActiveCfg = Release|Any CPU
		{3926E52A-5642-4F43-B0F6-2ECD457945C1}.Release|x86.Build.0 = Release|Any CPU
		{A42FB470-3D75-435A-9CD7-7391F5748261}.Debug|Any CPU.ActiveCfg = Debug|Any CPU
		{A42FB470-3D75-435A-9CD7-7391F5748261}.Debug|Any CPU.Build.0 = Debug|Any CPU
		{A42FB470-3D75-435A-9CD7-7391F5748261}.Debug|x64.ActiveCfg = Debug|Any CPU
		{A42FB470-3D75-435A-9CD7-7391F5748261}.Debug|x64.Build.0 = Debug|Any CPU
		{A42FB470-3D75-435A-9CD7-7391F5748261}.Debug|x86.ActiveCfg = Debug|Any CPU
		{A42FB470-3D75-435A-9CD7-7391F5748261}.Debug|x86.Build.0 = Debug|Any CPU
		{A42FB470-3D75-435A-9CD7-7391F5748261}.Release|Any CPU.ActiveCfg = Release|Any CPU
		{A42FB470-3D75-435A-9CD7-7391F5748261}.Release|Any CPU.Build.0 = Release|Any CPU
		{A42FB470-3D75-435A-9CD7-7391F5748261}.Release|x64.ActiveCfg = Release|Any CPU
		{A42FB470-3D75-435A-9CD7-7391F5748261}.Release|x64.Build.0 = Release|Any CPU
		{A42FB470-3D75-435A-9CD7-7391F5748261}.Release|x86.ActiveCfg = Release|Any CPU
		{A42FB470-3D75-435A-9CD7-7391F5748261}.Release|x86.Build.0 = Release|Any CPU
		{ADA74A56-CC66-4749-9803-2CC642372A39}.Debug|Any CPU.ActiveCfg = Debug|Any CPU
		{ADA74A56-CC66-4749-9803-2CC642372A39}.Debug|Any CPU.Build.0 = Debug|Any CPU
		{ADA74A56-CC66-4749-9803-2CC642372A39}.Debug|x64.ActiveCfg = Debug|Any CPU
		{ADA74A56-CC66-4749-9803-2CC642372A39}.Debug|x64.Build.0 = Debug|Any CPU
		{ADA74A56-CC66-4749-9803-2CC642372A39}.Debug|x86.ActiveCfg = Debug|Any CPU
		{ADA74A56-CC66-4749-9803-2CC642372A39}.Debug|x86.Build.0 = Debug|Any CPU
		{ADA74A56-CC66-4749-9803-2CC642372A39}.Release|Any CPU.ActiveCfg = Release|Any CPU
		{ADA74A56-CC66-4749-9803-2CC642372A39}.Release|Any CPU.Build.0 = Release|Any CPU
		{ADA74A56-CC66-4749-9803-2CC642372A39}.Release|x64.ActiveCfg = Release|Any CPU
		{ADA74A56-CC66-4749-9803-2CC642372A39}.Release|x64.Build.0 = Release|Any CPU
		{ADA74A56-CC66-4749-9803-2CC642372A39}.Release|x86.ActiveCfg = Release|Any CPU
		{ADA74A56-CC66-4749-9803-2CC642372A39}.Release|x86.Build.0 = Release|Any CPU
	EndGlobalSection
	GlobalSection(SolutionProperties) = preSolution
		HideSolutionNode = FALSE
	EndGlobalSection
	GlobalSection(NestedProjects) = preSolution
		{29331BE7-C437-4550-9A39-D9457707E461} = {460D16BD-115D-4FC3-A205-8C0ACC64FC15}
		{25138117-A6C4-494C-9840-79DF622CF188} = {460D16BD-115D-4FC3-A205-8C0ACC64FC15}
		{DA907D1A-C1F6-4449-9A1E-A7D6E60A1F72} = {460D16BD-115D-4FC3-A205-8C0ACC64FC15}
		{0B5BDFAB-4D2A-4EEB-B819-EDEB80F59C52} = {638B1459-E5FB-4F42-9A76-4E6F8984D42D}
		{9B533B3F-4F2D-442B-AF6B-F7D431C63DE4} = {638B1459-E5FB-4F42-9A76-4E6F8984D42D}
		{3DBCBD01-519B-4A36-89A2-A9DD80FD76E4} = {638B1459-E5FB-4F42-9A76-4E6F8984D42D}
		{E6CF0B42-297A-48D2-923B-06AA8CFB92A3} = {6C584756-294F-4415-AA77-F66168079340}
		{7B4601E6-C1F1-436A-9E26-DDE0B6626E2E} = {6C584756-294F-4415-AA77-F66168079340}
		{48102D36-95C7-4E08-9338-C308E2B90344} = {6C584756-294F-4415-AA77-F66168079340}
		{C4C348F7-6EBF-4A83-82D5-FE0F2ED30EC7} = {2220858D-D84D-4086-A16A-178495D94BA7}
		{BD298968-35B4-44DB-9055-D8F5D4030701} = {2220858D-D84D-4086-A16A-178495D94BA7}
		{44A621A1-607F-42ED-80B8-00B45EB3C2C7} = {2220858D-D84D-4086-A16A-178495D94BA7}
		{BDA66A91-8BA5-40CA-9043-81318F9E0EA7} = {15841721-D99C-4551-B555-6AF290EF5707}
		{2787876B-947F-46F0-AA4C-D51DC51A8060} = {15841721-D99C-4551-B555-6AF290EF5707}
		{0BA6A1C2-C7B2-4D5D-80B7-FD6EF8070F05} = {15841721-D99C-4551-B555-6AF290EF5707}
		{3926E52A-5642-4F43-B0F6-2ECD457945C1} = {04567619-8346-4345-B0B8-C49A2FDE7D9D}
		{A42FB470-3D75-435A-9CD7-7391F5748261} = {04567619-8346-4345-B0B8-C49A2FDE7D9D}
		{ADA74A56-CC66-4749-9803-2CC642372A39} = {04567619-8346-4345-B0B8-C49A2FDE7D9D}
	EndGlobalSection
	GlobalSection(ExtensibilityGlobals) = postSolution
		SolutionGuid = {91749601-A7CF-463B-954E-DAAF9153D51F}
	EndGlobalSection
EndGlobal
